{
  "version": 4,
  "terraform_version": "1.13.3",
  "serial": 43,
  "lineage": "50ac6135-af2b-29da-09ad-f61219e5a576",
  "outputs": {
    "api_base_url": {
      "value": "http://sensor-analyzer-app-nlb-7ce581641caa78f5.elb.us-east-1.amazonaws.com",
      "type": "string"
    },
    "app_nlb_dns": {
      "value": "sensor-analyzer-app-nlb-7ce581641caa78f5.elb.us-east-1.amazonaws.com",
      "type": "string"
    },
    "dashboard_bucket_name": {
      "value": "sensor-analyzer-dashboard-339712899854",
      "type": "string"
    },
    "dashboard_url": {
      "value": "http://sensor-analyzer-dashboard-339712899854.s3-website-us-east-1.amazonaws.com",
      "type": "string"
    },
    "dashboard_website_domain": {
      "value": "sensor-analyzer-dashboard-339712899854.s3.us-east-1.amazonaws.com",
      "type": "string"
    },
    "dashboard_website_url": {
      "value": "http://sensor-analyzer-dashboard-339712899854.s3-website-us-east-1.amazonaws.com",
      "type": "string"
    },
    "mirror_nlb_dns": {
      "value": "sensor-analyzer-mirror-nlb-2a93c68d5af5f48f.elb.us-east-1.amazonaws.com",
      "type": "string"
    },
    "traffic_mirror_target_id": {
      "value": "tmt-0e65c6d5cbeabaae0",
      "type": "string"
    }
  },
  "resources": [
    {
      "mode": "managed",
      "type": "aws_cloudwatch_log_group",
      "name": "sensor_logs",
      "provider": "provider[\"registry.terraform.io/hashicorp/aws\"]",
      "instances": [
        {
          "schema_version": 0,
          "attributes": {
            "arn": "arn:aws:logs:us-east-1:339712899854:log-group:/ecs/sensor-analyzer-sensor",
            "id": "/ecs/sensor-analyzer-sensor",
            "kms_key_id": "",
            "log_group_class": "STANDARD",
            "name": "/ecs/sensor-analyzer-sensor",
            "name_prefix": "",
            "retention_in_days": 7,
            "skip_destroy": false,
            "tags": {
              "Environment": "production",
              "Name": "sensor-analyzer-sensor-logs",
              "Project": "sensor-analyzer"
            },
            "tags_all": {
              "Account": "339712899854",
              "Environment": "production",
              "Name": "sensor-analyzer-sensor-logs",
              "Owner": "rodrigo",
              "Project": "sensor-analyzer",
              "Purpose": "Ransomware-Detection",
              "Type": "Analizador"
            }
          },
          "sensitive_attributes": [],
          "identity_schema_version": 0,
          "private": "bnVsbA=="
        }
      ]
    },
    {
      "mode": "managed",
      "type": "aws_ec2_traffic_mirror_target",
      "name": "analizador_target",
      "provider": "provider[\"registry.terraform.io/hashicorp/aws\"]",
      "instances": [
        {
          "schema_version": 0,
          "attributes": {
            "arn": "arn:aws:ec2:us-east-1:339712899854:traffic-mirror-target/tmt-0e65c6d5cbeabaae0",
            "description": "",
            "gateway_load_balancer_endpoint_id": "",
            "id": "tmt-0e65c6d5cbeabaae0",
            "network_interface_id": "",
            "network_load_balancer_arn": "arn:aws:elasticloadbalancing:us-east-1:339712899854:loadbalancer/net/sensor-analyzer-mirror-nlb/2a93c68d5af5f48f",
            "owner_id": "339712899854",
            "tags": {
              "Environment": "production",
              "Name": "sensor-analyzer-analizador-target-nlb",
              "Project": "sensor-analyzer"
            },
            "tags_all": {
              "Account": "339712899854",
              "Environment": "production",
              "Name": "sensor-analyzer-analizador-target-nlb",
              "Owner": "rodrigo",
              "Project": "sensor-analyzer",
              "Purpose": "Ransomware-Detection",
              "Type": "Analizador"
            }
          },
          "sensitive_attributes": [],
          "identity_schema_version": 0,
          "private": "bnVsbA==",
          "dependencies": [
            "aws_lb.mirror_nlb",
            "aws_subnet.analizador_private_subnet",
            "aws_subnet.analizador_public_subnet",
            "aws_vpc.vpc_analizador"
          ],
          "create_before_destroy": true
        }
      ]
    },
    {
      "mode": "managed",
      "type": "aws_ecr_lifecycle_policy",
      "name": "sensor_repo_policy",
      "provider": "provider[\"registry.terraform.io/hashicorp/aws\"]",
      "instances": [
        {
          "schema_version": 0,
          "attributes": {
            "id": "mirror-sensor",
            "policy": "{\"rules\":[{\"action\":{\"type\":\"expire\"},\"description\":\"Keep last 10 images\",\"rulePriority\":1,\"selection\":{\"countNumber\":10,\"countType\":\"imageCountMoreThan\",\"tagPrefixList\":[\"v\"],\"tagStatus\":\"tagged\"}}]}",
            "registry_id": "339712899854",
            "repository": "mirror-sensor"
          },
          "sensitive_attributes": [],
          "identity_schema_version": 0,
          "private": "bnVsbA==",
          "dependencies": [
            "aws_ecr_repository.sensor_repo"
          ]
        }
      ]
    },
    {
      "mode": "managed",
      "type": "aws_ecr_repository",
      "name": "sensor_repo",
      "provider": "provider[\"registry.terraform.io/hashicorp/aws\"]",
      "instances": [
        {
          "schema_version": 0,
          "attributes": {
            "arn": "arn:aws:ecr:us-east-1:339712899854:repository/mirror-sensor",
            "encryption_configuration": [
              {
                "encryption_type": "AES256",
                "kms_key": ""
              }
            ],
            "force_delete": null,
            "id": "mirror-sensor",
            "image_scanning_configuration": [
              {
                "scan_on_push": true
              }
            ],
            "image_tag_mutability": "MUTABLE",
            "name": "mirror-sensor",
            "registry_id": "339712899854",
            "repository_url": "339712899854.dkr.ecr.us-east-1.amazonaws.com/mirror-sensor",
            "tags": {
              "Environment": "production",
              "Name": "sensor-analyzer-sensor-repo",
              "Project": "sensor-analyzer"
            },
            "tags_all": {
              "Account": "339712899854",
              "Environment": "production",
              "Name": "sensor-analyzer-sensor-repo",
              "Owner": "rodrigo",
              "Project": "sensor-analyzer",
              "Purpose": "Ransomware-Detection",
              "Type": "Analizador"
            },
            "timeouts": null
          },
          "sensitive_attributes": [],
          "identity_schema_version": 0,
          "private": "eyJlMmJmYjczMC1lY2FhLTExZTYtOGY4OC0zNDM2M2JjN2M0YzAiOnsiZGVsZXRlIjoxMjAwMDAwMDAwMDAwfX0="
        }
      ]
    },
    {
      "mode": "managed",
      "type": "aws_ecs_cluster",
      "name": "sensor_cluster",
      "provider": "provider[\"registry.terraform.io/hashicorp/aws\"]",
      "instances": [
        {
          "schema_version": 0,
          "attributes": {
            "arn": "arn:aws:ecs:us-east-1:339712899854:cluster/sensor-analyzer-sensor-cluster",
            "configuration": [],
            "id": "arn:aws:ecs:us-east-1:339712899854:cluster/sensor-analyzer-sensor-cluster",
            "name": "sensor-analyzer-sensor-cluster",
            "service_connect_defaults": [],
            "setting": [
              {
                "name": "containerInsights",
                "value": "enabled"
              }
            ],
            "tags": {
              "Environment": "production",
              "Name": "sensor-analyzer-sensor-cluster",
              "Project": "sensor-analyzer"
            },
            "tags_all": {
              "Account": "339712899854",
              "Environment": "production",
              "Name": "sensor-analyzer-sensor-cluster",
              "Owner": "rodrigo",
              "Project": "sensor-analyzer",
              "Purpose": "Ransomware-Detection",
              "Type": "Analizador"
            }
          },
          "sensitive_attributes": [],
          "identity_schema_version": 0,
          "private": "bnVsbA=="
        }
      ]
    },
    {
      "mode": "managed",
      "type": "aws_ecs_service",
      "name": "sensor_service",
      "provider": "provider[\"registry.terraform.io/hashicorp/aws\"]",
      "instances": [
        {
          "schema_version": 1,
          "attributes": {
            "alarms": [],
            "availability_zone_rebalancing": "DISABLED",
            "capacity_provider_strategy": [],
            "cluster": "arn:aws:ecs:us-east-1:339712899854:cluster/sensor-analyzer-sensor-cluster",
            "deployment_circuit_breaker": [
              {
                "enable": false,
                "rollback": false
              }
            ],
            "deployment_controller": [
              {
                "type": "ECS"
              }
            ],
            "deployment_maximum_percent": 200,
            "deployment_minimum_healthy_percent": 100,
            "desired_count": 1,
            "enable_ecs_managed_tags": false,
            "enable_execute_command": false,
            "force_delete": null,
            "force_new_deployment": null,
            "health_check_grace_period_seconds": 180,
            "iam_role": "/aws-service-role/ecs.amazonaws.com/AWSServiceRoleForECS",
            "id": "arn:aws:ecs:us-east-1:339712899854:service/sensor-analyzer-sensor-cluster/sensor-analyzer-sensor-service",
            "launch_type": "FARGATE",
            "load_balancer": [
              {
                "container_name": "sensor",
                "container_port": 4789,
                "elb_name": "",
                "target_group_arn": "arn:aws:elasticloadbalancing:us-east-1:339712899854:targetgroup/sensor-analyzer-vxlan-tg/09e9f15b78d5447b"
              },
              {
                "container_name": "sensor",
                "container_port": 8080,
                "elb_name": "",
                "target_group_arn": "arn:aws:elasticloadbalancing:us-east-1:339712899854:targetgroup/sensor-analyzer-http-tg2/25580090b80434ba"
              }
            ],
            "name": "sensor-analyzer-sensor-service",
            "network_configuration": [
              {
                "assign_public_ip": true,
                "security_groups": [
                  "sg-0bdf330be8060d619"
                ],
                "subnets": [
                  "subnet-0b2e5996bd9732947",
                  "subnet-0b70f21819f55829c"
                ]
              }
            ],
            "ordered_placement_strategy": [],
            "placement_constraints": [],
            "platform_version": "1.4.0",
            "propagate_tags": "NONE",
            "scheduling_strategy": "REPLICA",
            "service_connect_configuration": [],
            "service_registries": [],
            "tags": {
              "Environment": "production",
              "Name": "sensor-analyzer-sensor-service",
              "Project": "sensor-analyzer"
            },
            "tags_all": {
              "Account": "339712899854",
              "Environment": "production",
              "Name": "sensor-analyzer-sensor-service",
              "Owner": "rodrigo",
              "Project": "sensor-analyzer",
              "Purpose": "Ransomware-Detection",
              "Type": "Analizador"
            },
            "task_definition": "arn:aws:ecs:us-east-1:339712899854:task-definition/sensor-analyzer-sensor:3",
            "timeouts": null,
            "triggers": {},
            "volume_configuration": [],
            "vpc_lattice_configurations": [],
            "wait_for_steady_state": false
          },
          "sensitive_attributes": [],
          "identity_schema_version": 0,
          "private": "eyJlMmJmYjczMC1lY2FhLTExZTYtOGY4OC0zNDM2M2JjN2M0YzAiOnsiY3JlYXRlIjoxMjAwMDAwMDAwMDAwLCJkZWxldGUiOjEyMDAwMDAwMDAwMDAsInVwZGF0ZSI6MTIwMDAwMDAwMDAwMH0sInNjaGVtYV92ZXJzaW9uIjoiMSJ9",
          "dependencies": [
            "aws_cloudwatch_log_group.sensor_logs",
            "aws_ec2_traffic_mirror_target.analizador_target",
            "aws_ecr_repository.sensor_repo",
            "aws_ecs_cluster.sensor_cluster",
            "aws_ecs_task_definition.sensor_task",
            "aws_lb.app_nlb",
            "aws_lb.mirror_nlb",
            "aws_lb_listener.http_listener",
            "aws_lb_listener.vxlan_listener",
            "aws_lb_target_group.http_tg2",
            "aws_lb_target_group.vxlan_tg",
            "aws_s3_bucket.dashboard_bucket",
            "aws_s3_bucket_website_configuration.dashboard_website",
            "aws_security_group.ecs_mirror",
            "aws_subnet.analizador_private_subnet",
            "aws_subnet.analizador_public_subnet",
            "aws_vpc.vpc_analizador"
          ]
        }
      ]
    },
    {
      "mode": "managed",
      "type": "aws_internet_gateway",
      "name": "igw_analizador",
      "provider": "provider[\"registry.terraform.io/hashicorp/aws\"]",
      "instances": [
        {
          "schema_version": 0,
          "attributes": {
            "arn": "arn:aws:ec2:us-east-1:339712899854:internet-gateway/igw-078f2739867754f74",
            "id": "igw-078f2739867754f74",
            "owner_id": "339712899854",
            "tags": {
              "Environment": "production",
              "Name": "sensor-analyzer-analizador-igw",
              "Project": "sensor-analyzer"
            },
            "tags_all": {
              "Account": "339712899854",
              "Environment": "production",
              "Name": "sensor-analyzer-analizador-igw",
              "Owner": "rodrigo",
              "Project": "sensor-analyzer",
              "Purpose": "Ransomware-Detection",
              "Type": "Analizador"
            },
            "timeouts": null,
            "vpc_id": "vpc-05127a3c05028f376"
          },
          "sensitive_attributes": [],
          "identity_schema_version": 0,
          "private": "eyJlMmJmYjczMC1lY2FhLTExZTYtOGY4OC0zNDM2M2JjN2M0YzAiOnsiY3JlYXRlIjoxMjAwMDAwMDAwMDAwLCJkZWxldGUiOjEyMDAwMDAwMDAwMDAsInVwZGF0ZSI6MTIwMDAwMDAwMDAwMH19",
          "dependencies": [
            "aws_vpc.vpc_analizador"
          ]
        }
      ]
    },
    {
      "mode": "managed",
      "type": "aws_lb",
      "name": "app_nlb",
      "provider": "provider[\"registry.terraform.io/hashicorp/aws\"]",
      "instances": [
        {
          "schema_version": 0,
          "attributes": {
            "access_logs": [
              {
                "bucket": "",
                "enabled": false,
                "prefix": ""
              }
            ],
            "arn": "arn:aws:elasticloadbalancing:us-east-1:339712899854:loadbalancer/net/sensor-analyzer-app-nlb/7ce581641caa78f5",
            "arn_suffix": "net/sensor-analyzer-app-nlb/7ce581641caa78f5",
            "client_keep_alive": null,
            "connection_logs": [],
            "customer_owned_ipv4_pool": "",
            "desync_mitigation_mode": null,
            "dns_name": "sensor-analyzer-app-nlb-7ce581641caa78f5.elb.us-east-1.amazonaws.com",
            "dns_record_client_routing_policy": "any_availability_zone",
            "drop_invalid_header_fields": null,
            "enable_cross_zone_load_balancing": false,
            "enable_deletion_protection": false,
            "enable_http2": null,
            "enable_tls_version_and_cipher_suite_headers": null,
            "enable_waf_fail_open": null,
            "enable_xff_client_port": null,
            "enable_zonal_shift": false,
            "enforce_security_group_inbound_rules_on_private_link_traffic": "",
            "id": "arn:aws:elasticloadbalancing:us-east-1:339712899854:loadbalancer/net/sensor-analyzer-app-nlb/7ce581641caa78f5",
            "idle_timeout": null,
            "internal": false,
            "ip_address_type": "ipv4",
            "ipam_pools": [],
            "load_balancer_type": "network",
            "minimum_load_balancer_capacity": [],
            "name": "sensor-analyzer-app-nlb",
            "name_prefix": "",
            "preserve_host_header": null,
            "security_groups": [],
            "subnet_mapping": [
              {
                "allocation_id": "",
                "ipv6_address": "",
                "outpost_id": "",
                "private_ipv4_address": "",
                "subnet_id": "subnet-0b2e5996bd9732947"
              }
            ],
            "subnets": [
              "subnet-0b2e5996bd9732947"
            ],
            "tags": {
              "Environment": "production",
              "Name": "sensor-analyzer-app-nlb",
              "Project": "sensor-analyzer"
            },
            "tags_all": {
              "Account": "339712899854",
              "Environment": "production",
              "Name": "sensor-analyzer-app-nlb",
              "Owner": "rodrigo",
              "Project": "sensor-analyzer",
              "Purpose": "Ransomware-Detection",
              "Type": "Analizador"
            },
            "timeouts": null,
            "vpc_id": "vpc-05127a3c05028f376",
            "xff_header_processing_mode": null,
            "zone_id": "Z26RNL4JYFTOTI"
          },
          "sensitive_attributes": [],
          "identity_schema_version": 0,
          "private": "eyJlMmJmYjczMC1lY2FhLTExZTYtOGY4OC0zNDM2M2JjN2M0YzAiOnsiY3JlYXRlIjo2MDAwMDAwMDAwMDAsImRlbGV0ZSI6NjAwMDAwMDAwMDAwLCJ1cGRhdGUiOjYwMDAwMDAwMDAwMH19",
          "dependencies": [
            "aws_subnet.analizador_public_subnet",
            "aws_vpc.vpc_analizador"
          ]
        }
      ]
    },
    {
      "mode": "managed",
      "type": "aws_lb",
      "name": "mirror_nlb",
      "provider": "provider[\"registry.terraform.io/hashicorp/aws\"]",
      "instances": [
        {
          "schema_version": 0,
          "attributes": {
            "access_logs": [
              {
                "bucket": "",
                "enabled": false,
                "prefix": ""
              }
            ],
            "arn": "arn:aws:elasticloadbalancing:us-east-1:339712899854:loadbalancer/net/sensor-analyzer-mirror-nlb/2a93c68d5af5f48f",
            "arn_suffix": "net/sensor-analyzer-mirror-nlb/2a93c68d5af5f48f",
            "client_keep_alive": null,
            "connection_logs": [],
            "customer_owned_ipv4_pool": "",
            "desync_mitigation_mode": null,
            "dns_name": "sensor-analyzer-mirror-nlb-2a93c68d5af5f48f.elb.us-east-1.amazonaws.com",
            "dns_record_client_routing_policy": "any_availability_zone",
            "drop_invalid_header_fields": null,
            "enable_cross_zone_load_balancing": false,
            "enable_deletion_protection": false,
            "enable_http2": null,
            "enable_tls_version_and_cipher_suite_headers": null,
            "enable_waf_fail_open": null,
            "enable_xff_client_port": null,
            "enable_zonal_shift": false,
            "enforce_security_group_inbound_rules_on_private_link_traffic": "",
            "id": "arn:aws:elasticloadbalancing:us-east-1:339712899854:loadbalancer/net/sensor-analyzer-mirror-nlb/2a93c68d5af5f48f",
            "idle_timeout": null,
            "internal": true,
            "ip_address_type": "ipv4",
            "ipam_pools": [],
            "load_balancer_type": "network",
            "minimum_load_balancer_capacity": [],
            "name": "sensor-analyzer-mirror-nlb",
            "name_prefix": "",
            "preserve_host_header": null,
            "security_groups": [],
            "subnet_mapping": [
              {
                "allocation_id": "",
                "ipv6_address": "",
                "outpost_id": "",
                "private_ipv4_address": "",
                "subnet_id": "subnet-0b2e5996bd9732947"
              },
              {
                "allocation_id": "",
                "ipv6_address": "",
                "outpost_id": "",
                "private_ipv4_address": "",
                "subnet_id": "subnet-0b70f21819f55829c"
              }
            ],
            "subnets": [
              "subnet-0b2e5996bd9732947",
              "subnet-0b70f21819f55829c"
            ],
            "tags": {
              "Environment": "production",
              "Name": "sensor-analyzer-mirror-nlb",
              "Project": "sensor-analyzer"
            },
            "tags_all": {
              "Account": "339712899854",
              "Environment": "production",
              "Name": "sensor-analyzer-mirror-nlb",
              "Owner": "rodrigo",
              "Project": "sensor-analyzer",
              "Purpose": "Ransomware-Detection",
              "Type": "Analizador"
            },
            "timeouts": null,
            "vpc_id": "vpc-05127a3c05028f376",
            "xff_header_processing_mode": null,
            "zone_id": "Z26RNL4JYFTOTI"
          },
          "sensitive_attributes": [],
          "identity_schema_version": 0,
          "private": "eyJlMmJmYjczMC1lY2FhLTExZTYtOGY4OC0zNDM2M2JjN2M0YzAiOnsiY3JlYXRlIjo2MDAwMDAwMDAwMDAsImRlbGV0ZSI6NjAwMDAwMDAwMDAwLCJ1cGRhdGUiOjYwMDAwMDAwMDAwMH19",
          "dependencies": [
            "aws_subnet.analizador_private_subnet",
            "aws_subnet.analizador_public_subnet",
            "aws_vpc.vpc_analizador"
          ],
          "create_before_destroy": true
        }
      ]
    },
    {
      "mode": "managed",
      "type": "aws_lb_listener",
      "name": "http_listener",
      "provider": "provider[\"registry.terraform.io/hashicorp/aws\"]",
      "instances": [
        {
          "schema_version": 0,
          "attributes": {
            "alpn_policy": null,
            "arn": "arn:aws:elasticloadbalancing:us-east-1:339712899854:listener/net/sensor-analyzer-app-nlb/7ce581641caa78f5/c2cdd960c53cd72f",
            "certificate_arn": null,
            "default_action": [
              {
                "authenticate_cognito": [],
                "authenticate_oidc": [],
                "fixed_response": [],
                "forward": [],
                "order": 1,
                "redirect": [],
                "target_group_arn": "arn:aws:elasticloadbalancing:us-east-1:339712899854:targetgroup/sensor-analyzer-http-tg2/25580090b80434ba",
                "type": "forward"
              }
            ],
            "id": "arn:aws:elasticloadbalancing:us-east-1:339712899854:listener/net/sensor-analyzer-app-nlb/7ce581641caa78f5/c2cdd960c53cd72f",
            "load_balancer_arn": "arn:aws:elasticloadbalancing:us-east-1:339712899854:loadbalancer/net/sensor-analyzer-app-nlb/7ce581641caa78f5",
            "mutual_authentication": [],
            "port": 80,
            "protocol": "TCP",
            "routing_http_request_x_amzn_mtls_clientcert_header_name": null,
            "routing_http_request_x_amzn_mtls_clientcert_issuer_header_name": null,
            "routing_http_request_x_amzn_mtls_clientcert_leaf_header_name": null,
            "routing_http_request_x_amzn_mtls_clientcert_serial_number_header_name": null,
            "routing_http_request_x_amzn_mtls_clientcert_subject_header_name": null,
            "routing_http_request_x_amzn_mtls_clientcert_validity_header_name": null,
            "routing_http_request_x_amzn_tls_cipher_suite_header_name": null,
            "routing_http_request_x_amzn_tls_version_header_name": null,
            "routing_http_response_access_control_allow_credentials_header_value": null,
            "routing_http_response_access_control_allow_headers_header_value": null,
            "routing_http_response_access_control_allow_methods_header_value": null,
            "routing_http_response_access_control_allow_origin_header_value": null,
            "routing_http_response_access_control_expose_headers_header_value": null,
            "routing_http_response_access_control_max_age_header_value": null,
            "routing_http_response_content_security_policy_header_value": null,
            "routing_http_response_server_enabled": null,
            "routing_http_response_strict_transport_security_header_value": null,
            "routing_http_response_x_content_type_options_header_value": null,
            "routing_http_response_x_frame_options_header_value": null,
            "ssl_policy": "",
            "tags": {},
            "tags_all": {
              "Account": "339712899854",
              "Environment": "production",
              "Owner": "rodrigo",
              "Project": "sensor-analyzer",
              "Purpose": "Ransomware-Detection",
              "Type": "Analizador"
            },
            "tcp_idle_timeout_seconds": 350,
            "timeouts": null
          },
          "sensitive_attributes": [],
          "identity_schema_version": 0,
          "private": "eyJlMmJmYjczMC1lY2FhLTExZTYtOGY4OC0zNDM2M2JjN2M0YzAiOnsiY3JlYXRlIjozMDAwMDAwMDAwMDAsInVwZGF0ZSI6MzAwMDAwMDAwMDAwfX0=",
          "dependencies": [
            "aws_lb.app_nlb",
            "aws_lb_target_group.http_tg2",
            "aws_subnet.analizador_public_subnet",
            "aws_vpc.vpc_analizador"
          ]
        }
      ]
    },
    {
      "mode": "managed",
      "type": "aws_lb_target_group",
      "name": "http_tg2",
      "provider": "provider[\"registry.terraform.io/hashicorp/aws\"]",
      "instances": [
        {
          "schema_version": 0,
          "attributes": {
            "arn": "arn:aws:elasticloadbalancing:us-east-1:339712899854:targetgroup/sensor-analyzer-http-tg2/25580090b80434ba",
            "arn_suffix": "targetgroup/sensor-analyzer-http-tg2/25580090b80434ba",
            "connection_termination": false,
            "deregistration_delay": "300",
            "health_check": [
              {
                "enabled": true,
                "healthy_threshold": 2,
                "interval": 30,
                "matcher": "",
                "path": "",
                "port": "traffic-port",
                "protocol": "TCP",
                "timeout": 10,
                "unhealthy_threshold": 3
              }
            ],
            "id": "arn:aws:elasticloadbalancing:us-east-1:339712899854:targetgroup/sensor-analyzer-http-tg2/25580090b80434ba",
            "ip_address_type": "ipv4",
            "lambda_multi_value_headers_enabled": false,
            "load_balancer_arns": [
              "arn:aws:elasticloadbalancing:us-east-1:339712899854:loadbalancer/net/sensor-analyzer-app-nlb/7ce581641caa78f5"
            ],
            "load_balancing_algorithm_type": null,
            "load_balancing_anomaly_mitigation": null,
            "load_balancing_cross_zone_enabled": "use_load_balancer_configuration",
            "name": "sensor-analyzer-http-tg2",
            "name_prefix": "",
            "port": 8080,
            "preserve_client_ip": "false",
            "protocol": "TCP",
            "protocol_version": null,
            "proxy_protocol_v2": false,
            "slow_start": 0,
            "stickiness": [
              {
                "cookie_duration": 0,
                "cookie_name": "",
                "enabled": false,
                "type": "source_ip"
              }
            ],
            "tags": {
              "Environment": "production",
              "Name": "sensor-analyzer-http-tg",
              "Project": "sensor-analyzer"
            },
            "tags_all": {
              "Account": "339712899854",
              "Environment": "production",
              "Name": "sensor-analyzer-http-tg",
              "Owner": "rodrigo",
              "Project": "sensor-analyzer",
              "Purpose": "Ransomware-Detection",
              "Type": "Analizador"
            },
            "target_failover": [
              {
                "on_deregistration": null,
                "on_unhealthy": null
              }
            ],
            "target_group_health": [
              {
                "dns_failover": [
                  {
                    "minimum_healthy_targets_count": "1",
                    "minimum_healthy_targets_percentage": "off"
                  }
                ],
                "unhealthy_state_routing": [
                  {
                    "minimum_healthy_targets_count": 1,
                    "minimum_healthy_targets_percentage": "off"
                  }
                ]
              }
            ],
            "target_health_state": [
              {
                "enable_unhealthy_connection_termination": true,
                "unhealthy_draining_interval": 0
              }
            ],
            "target_type": "ip",
            "vpc_id": "vpc-05127a3c05028f376"
          },
          "sensitive_attributes": [],
          "identity_schema_version": 0,
          "private": "bnVsbA==",
          "dependencies": [
            "aws_vpc.vpc_analizador"
          ]
        }
      ]
    },
    {
      "mode": "managed",
      "type": "aws_lb_target_group",
      "name": "vxlan_tg",
      "provider": "provider[\"registry.terraform.io/hashicorp/aws\"]",
      "instances": [
        {
          "schema_version": 0,
          "attributes": {
            "arn": "arn:aws:elasticloadbalancing:us-east-1:339712899854:targetgroup/sensor-analyzer-vxlan-tg/09e9f15b78d5447b",
            "arn_suffix": "targetgroup/sensor-analyzer-vxlan-tg/09e9f15b78d5447b",
            "connection_termination": true,
            "deregistration_delay": "300",
            "health_check": [
              {
                "enabled": true,
                "healthy_threshold": 2,
                "interval": 30,
                "matcher": "",
                "path": "",
                "port": "8080",
                "protocol": "TCP",
                "timeout": 5,
                "unhealthy_threshold": 2
              }
            ],
            "id": "arn:aws:elasticloadbalancing:us-east-1:339712899854:targetgroup/sensor-analyzer-vxlan-tg/09e9f15b78d5447b",
            "ip_address_type": "ipv4",
            "lambda_multi_value_headers_enabled": false,
            "load_balancer_arns": [],
            "load_balancing_algorithm_type": null,
            "load_balancing_anomaly_mitigation": null,
            "load_balancing_cross_zone_enabled": "use_load_balancer_configuration",
            "name": "sensor-analyzer-vxlan-tg",
            "name_prefix": "",
            "port": 4789,
            "preserve_client_ip": "true",
            "protocol": "UDP",
            "protocol_version": null,
            "proxy_protocol_v2": false,
            "slow_start": 0,
            "stickiness": [
              {
                "cookie_duration": 0,
                "cookie_name": "",
                "enabled": false,
                "type": "source_ip"
              }
            ],
            "tags": {
              "Environment": "production",
              "Name": "sensor-analyzer-vxlan-tg",
              "Project": "sensor-analyzer"
            },
            "tags_all": {
              "Account": "339712899854",
              "Environment": "production",
              "Name": "sensor-analyzer-vxlan-tg",
              "Owner": "rodrigo",
              "Project": "sensor-analyzer",
              "Purpose": "Ransomware-Detection",
              "Type": "Analizador"
            },
            "target_failover": [
              {
                "on_deregistration": null,
                "on_unhealthy": null
              }
            ],
            "target_group_health": [
              {
                "dns_failover": [
                  {
                    "minimum_healthy_targets_count": "1",
                    "minimum_healthy_targets_percentage": "off"
                  }
                ],
                "unhealthy_state_routing": [
                  {
                    "minimum_healthy_targets_count": 1,
                    "minimum_healthy_targets_percentage": "off"
                  }
                ]
              }
            ],
            "target_health_state": [
              {
                "enable_unhealthy_connection_termination": null,
                "unhealthy_draining_interval": null
              }
            ],
            "target_type": "ip",
            "vpc_id": "vpc-05127a3c05028f376"
          },
          "sensitive_attributes": [],
          "identity_schema_version": 0,
          "private": "bnVsbA==",
          "dependencies": [
            "aws_vpc.vpc_analizador"
          ]
        }
      ]
    },
    {
      "mode": "managed",
      "type": "aws_route_table",
      "name": "analizador_private_rt",
      "provider": "provider[\"registry.terraform.io/hashicorp/aws\"]",
      "instances": [
        {
          "schema_version": 0,
          "attributes": {
            "arn": "arn:aws:ec2:us-east-1:339712899854:route-table/rtb-0325a364c206dc4c9",
            "id": "rtb-0325a364c206dc4c9",
            "owner_id": "339712899854",
            "propagating_vgws": [],
            "route": [],
            "tags": {
              "Environment": "production",
              "Name": "sensor-analyzer-analizador-private-rt",
              "Project": "sensor-analyzer"
            },
            "tags_all": {
              "Account": "339712899854",
              "Environment": "production",
              "Name": "sensor-analyzer-analizador-private-rt",
              "Owner": "rodrigo",
              "Project": "sensor-analyzer",
              "Purpose": "Ransomware-Detection",
              "Type": "Analizador"
            },
            "timeouts": null,
            "vpc_id": "vpc-05127a3c05028f376"
          },
          "sensitive_attributes": [],
          "identity_schema_version": 0,
          "private": "eyJlMmJmYjczMC1lY2FhLTExZTYtOGY4OC0zNDM2M2JjN2M0YzAiOnsiY3JlYXRlIjozMDAwMDAwMDAwMDAsImRlbGV0ZSI6MzAwMDAwMDAwMDAwLCJ1cGRhdGUiOjEyMDAwMDAwMDAwMH19",
          "dependencies": [
            "aws_vpc.vpc_analizador"
          ]
        }
      ]
    },
    {
      "mode": "managed",
      "type": "aws_route_table",
      "name": "analizador_public_rt",
      "provider": "provider[\"registry.terraform.io/hashicorp/aws\"]",
      "instances": [
        {
          "schema_version": 0,
          "attributes": {
            "arn": "arn:aws:ec2:us-east-1:339712899854:route-table/rtb-0611847eb47707c8d",
            "id": "rtb-0611847eb47707c8d",
            "owner_id": "339712899854",
            "propagating_vgws": [],
            "route": [
              {
                "carrier_gateway_id": "",
                "cidr_block": "0.0.0.0/0",
                "core_network_arn": "",
                "destination_prefix_list_id": "",
                "egress_only_gateway_id": "",
                "gateway_id": "igw-078f2739867754f74",
                "ipv6_cidr_block": "",
                "local_gateway_id": "",
                "nat_gateway_id": "",
                "network_interface_id": "",
                "transit_gateway_id": "",
                "vpc_endpoint_id": "",
                "vpc_peering_connection_id": ""
              }
            ],
            "tags": {
              "Environment": "production",
              "Name": "sensor-analyzer-analizador-public-rt",
              "Project": "sensor-analyzer"
            },
            "tags_all": {
              "Account": "339712899854",
              "Environment": "production",
              "Name": "sensor-analyzer-analizador-public-rt",
              "Owner": "rodrigo",
              "Project": "sensor-analyzer",
              "Purpose": "Ransomware-Detection",
              "Type": "Analizador"
            },
            "timeouts": null,
            "vpc_id": "vpc-05127a3c05028f376"
          },
          "sensitive_attributes": [],
          "identity_schema_version": 0,
          "private": "eyJlMmJmYjczMC1lY2FhLTExZTYtOGY4OC0zNDM2M2JjN2M0YzAiOnsiY3JlYXRlIjozMDAwMDAwMDAwMDAsImRlbGV0ZSI6MzAwMDAwMDAwMDAwLCJ1cGRhdGUiOjEyMDAwMDAwMDAwMH19",
          "dependencies": [
            "aws_internet_gateway.igw_analizador",
            "aws_vpc.vpc_analizador"
          ]
        }
      ]
    },
    {
      "mode": "managed",
      "type": "aws_route_table_association",
      "name": "analizador_private_rta",
      "provider": "provider[\"registry.terraform.io/hashicorp/aws\"]",
      "instances": [
        {
          "schema_version": 0,
          "attributes": {
            "gateway_id": "",
            "id": "rtbassoc-0ffffcba5d35932ce",
            "route_table_id": "rtb-0325a364c206dc4c9",
            "subnet_id": "subnet-0b70f21819f55829c",
            "timeouts": null
          },
          "sensitive_attributes": [],
          "identity_schema_version": 0,
          "private": "eyJlMmJmYjczMC1lY2FhLTExZTYtOGY4OC0zNDM2M2JjN2M0YzAiOnsiY3JlYXRlIjozMDAwMDAwMDAwMDAsImRlbGV0ZSI6MzAwMDAwMDAwMDAwLCJ1cGRhdGUiOjEyMDAwMDAwMDAwMH19",
          "dependencies": [
            "aws_route_table.analizador_private_rt",
            "aws_subnet.analizador_private_subnet",
            "aws_vpc.vpc_analizador"
          ]
        }
      ]
    },
    {
      "mode": "managed",
      "type": "aws_route_table_association",
      "name": "analizador_public_rta",
      "provider": "provider[\"registry.terraform.io/hashicorp/aws\"]",
      "instances": [
        {
          "schema_version": 0,
          "attributes": {
            "gateway_id": "",
            "id": "rtbassoc-0fe56608cb2f59799",
            "route_table_id": "rtb-0611847eb47707c8d",
            "subnet_id": "subnet-0b2e5996bd9732947",
            "timeouts": null
          },
          "sensitive_attributes": [],
          "identity_schema_version": 0,
          "private": "eyJlMmJmYjczMC1lY2FhLTExZTYtOGY4OC0zNDM2M2JjN2M0YzAiOnsiY3JlYXRlIjozMDAwMDAwMDAwMDAsImRlbGV0ZSI6MzAwMDAwMDAwMDAwLCJ1cGRhdGUiOjEyMDAwMDAwMDAwMH19",
          "dependencies": [
            "aws_internet_gateway.igw_analizador",
            "aws_route_table.analizador_public_rt",
            "aws_subnet.analizador_public_subnet",
            "aws_vpc.vpc_analizador"
          ]
        }
      ]
    },
    {
      "mode": "managed",
      "type": "aws_s3_bucket",
      "name": "dashboard_bucket",
      "provider": "provider[\"registry.terraform.io/hashicorp/aws\"]",
      "instances": [
        {
          "schema_version": 0,
          "attributes": {
            "acceleration_status": "",
            "acl": null,
            "arn": "arn:aws:s3:::sensor-analyzer-dashboard-339712899854",
            "bucket": "sensor-analyzer-dashboard-339712899854",
            "bucket_domain_name": "sensor-analyzer-dashboard-339712899854.s3.amazonaws.com",
            "bucket_prefix": "",
            "bucket_regional_domain_name": "sensor-analyzer-dashboard-339712899854.s3.us-east-1.amazonaws.com",
            "cors_rule": [
              {
                "allowed_headers": [
                  "*"
                ],
                "allowed_methods": [
                  "GET",
                  "HEAD"
                ],
                "allowed_origins": [
                  "*"
                ],
                "expose_headers": [],
                "max_age_seconds": 3000
              }
            ],
            "force_destroy": false,
            "grant": [
              {
                "id": "8926228e93484c2a273d54c8d28bfff542bf9bbafb30f18408cb30e197aafd08",
                "permissions": [
                  "FULL_CONTROL"
                ],
                "type": "CanonicalUser",
                "uri": ""
              }
            ],
            "hosted_zone_id": "Z3AQBSTGFYJSTF",
            "id": "sensor-analyzer-dashboard-339712899854",
            "lifecycle_rule": [],
            "logging": [],
            "object_lock_configuration": [],
            "object_lock_enabled": false,
            "policy": "{\"Statement\":[{\"Action\":\"s3:GetObject\",\"Effect\":\"Allow\",\"Principal\":\"*\",\"Resource\":\"arn:aws:s3:::sensor-analyzer-dashboard-339712899854/*\",\"Sid\":\"PublicReadGetObject\"}],\"Version\":\"2012-10-17\"}",
            "region": "us-east-1",
            "replication_configuration": [],
            "request_payer": "BucketOwner",
            "server_side_encryption_configuration": [
              {
                "rule": [
                  {
                    "apply_server_side_encryption_by_default": [
                      {
                        "kms_master_key_id": "",
                        "sse_algorithm": "AES256"
                      }
                    ],
                    "bucket_key_enabled": false
                  }
                ]
              }
            ],
            "tags": {
              "Environment": "production",
              "Name": "sensor-analyzer-dashboard-bucket",
              "Project": "sensor-analyzer",
              "Purpose": "Frontend-Dashboard"
            },
            "tags_all": {
              "Account": "339712899854",
              "Environment": "production",
              "Name": "sensor-analyzer-dashboard-bucket",
              "Owner": "rodrigo",
              "Project": "sensor-analyzer",
              "Purpose": "Frontend-Dashboard",
              "Type": "Analizador"
            },
            "timeouts": null,
            "versioning": [
              {
                "enabled": true,
                "mfa_delete": false
              }
            ],
            "website": [
              {
                "error_document": "index.html",
                "index_document": "index.html",
                "redirect_all_requests_to": "",
                "routing_rules": ""
              }
            ],
            "website_domain": "s3-website-us-east-1.amazonaws.com",
            "website_endpoint": "sensor-analyzer-dashboard-339712899854.s3-website-us-east-1.amazonaws.com"
          },
          "sensitive_attributes": [],
          "identity_schema_version": 0,
          "private": "eyJlMmJmYjczMC1lY2FhLTExZTYtOGY4OC0zNDM2M2JjN2M0YzAiOnsiY3JlYXRlIjoxMjAwMDAwMDAwMDAwLCJkZWxldGUiOjM2MDAwMDAwMDAwMDAsInJlYWQiOjEyMDAwMDAwMDAwMDAsInVwZGF0ZSI6MTIwMDAwMDAwMDAwMH19"
        }
      ]
    },
    {
      "mode": "managed",
      "type": "aws_s3_bucket_cors_configuration",
      "name": "dashboard_cors",
      "provider": "provider[\"registry.terraform.io/hashicorp/aws\"]",
      "instances": [
        {
          "schema_version": 0,
          "attributes": {
            "bucket": "sensor-analyzer-dashboard-339712899854",
            "cors_rule": [
              {
                "allowed_headers": [
                  "*"
                ],
                "allowed_methods": [
                  "GET",
                  "HEAD"
                ],
                "allowed_origins": [
                  "*"
                ],
                "expose_headers": [],
                "id": "",
                "max_age_seconds": 3000
              }
            ],
            "expected_bucket_owner": "",
            "id": "sensor-analyzer-dashboard-339712899854"
          },
          "sensitive_attributes": [],
          "identity_schema_version": 0,
          "private": "bnVsbA==",
          "dependencies": [
            "aws_s3_bucket.dashboard_bucket"
          ]
        }
      ]
    },
    {
      "mode": "managed",
      "type": "aws_s3_bucket_policy",
      "name": "dashboard_bucket_policy",
      "provider": "provider[\"registry.terraform.io/hashicorp/aws\"]",
      "instances": [
        {
          "schema_version": 0,
          "attributes": {
            "bucket": "sensor-analyzer-dashboard-339712899854",
            "id": "sensor-analyzer-dashboard-339712899854",
            "policy": "{\"Statement\":[{\"Action\":\"s3:GetObject\",\"Effect\":\"Allow\",\"Principal\":\"*\",\"Resource\":\"arn:aws:s3:::sensor-analyzer-dashboard-339712899854/*\",\"Sid\":\"PublicReadGetObject\"}],\"Version\":\"2012-10-17\"}"
          },
          "sensitive_attributes": [],
          "identity_schema_version": 0,
          "private": "bnVsbA==",
          "dependencies": [
            "aws_s3_bucket.dashboard_bucket",
            "aws_s3_bucket_public_access_block.dashboard_public_access"
          ]
        }
      ]
    },
    {
      "mode": "managed",
      "type": "aws_s3_bucket_public_access_block",
      "name": "dashboard_public_access",
      "provider": "provider[\"registry.terraform.io/hashicorp/aws\"]",
      "instances": [
        {
          "schema_version": 0,
          "attributes": {
            "block_public_acls": false,
            "block_public_policy": false,
            "bucket": "sensor-analyzer-dashboard-339712899854",
            "id": "sensor-analyzer-dashboard-339712899854",
            "ignore_public_acls": false,
            "restrict_public_buckets": false
          },
          "sensitive_attributes": [],
          "identity_schema_version": 0,
          "private": "bnVsbA==",
          "dependencies": [
            "aws_s3_bucket.dashboard_bucket"
          ]
        }
      ]
    },
    {
      "mode": "managed",
      "type": "aws_s3_bucket_versioning",
      "name": "dashboard_versioning",
      "provider": "provider[\"registry.terraform.io/hashicorp/aws\"]",
      "instances": [
        {
          "schema_version": 0,
          "attributes": {
            "bucket": "sensor-analyzer-dashboard-339712899854",
            "expected_bucket_owner": "",
            "id": "sensor-analyzer-dashboard-339712899854",
            "mfa": null,
            "versioning_configuration": [
              {
                "mfa_delete": "",
                "status": "Enabled"
              }
            ]
          },
          "sensitive_attributes": [],
          "identity_schema_version": 0,
          "private": "bnVsbA==",
          "dependencies": [
            "aws_s3_bucket.dashboard_bucket"
          ]
        }
      ]
    },
    {
      "mode": "managed",
      "type": "aws_s3_bucket_website_configuration",
      "name": "dashboard_website",
      "provider": "provider[\"registry.terraform.io/hashicorp/aws\"]",
      "instances": [
        {
          "schema_version": 0,
          "attributes": {
            "bucket": "sensor-analyzer-dashboard-339712899854",
            "error_document": [
              {
                "key": "index.html"
              }
            ],
            "expected_bucket_owner": "",
            "id": "sensor-analyzer-dashboard-339712899854",
            "index_document": [
              {
                "suffix": "index.html"
              }
            ],
            "redirect_all_requests_to": [],
            "routing_rule": [],
            "routing_rules": "",
            "website_domain": "s3-website-us-east-1.amazonaws.com",
            "website_endpoint": "sensor-analyzer-dashboard-339712899854.s3-website-us-east-1.amazonaws.com"
          },
          "sensitive_attributes": [],
          "identity_schema_version": 0,
          "private": "bnVsbA==",
          "dependencies": [
            "aws_s3_bucket.dashboard_bucket"
          ]
        }
      ]
    },
    {
      "mode": "managed",
      "type": "aws_security_group",
      "name": "ecs_mirror",
      "provider": "provider[\"registry.terraform.io/hashicorp/aws\"]",
      "instances": [
        {
          "schema_version": 1,
          "attributes": {
            "arn": "arn:aws:ec2:us-east-1:339712899854:security-group/sg-0bdf330be8060d619",
            "description": "SG para ECS sensor (mirroring via NLB)",
            "egress": [
              {
                "cidr_blocks": [
                  "0.0.0.0/0"
                ],
                "description": "",
                "from_port": 0,
                "ipv6_cidr_blocks": [],
                "prefix_list_ids": [],
                "protocol": "-1",
                "security_groups": [],
                "self": false,
                "to_port": 0
              }
            ],
            "id": "sg-0bdf330be8060d619",
            "ingress": [
              {
                "cidr_blocks": [
                  "0.0.0.0/0"
                ],
                "description": "Health 8080",
                "from_port": 8080,
                "ipv6_cidr_blocks": [],
                "prefix_list_ids": [],
                "protocol": "tcp",
                "security_groups": [],
                "self": false,
                "to_port": 8080
              },
              {
                "cidr_blocks": [
                  "0.0.0.0/0"
                ],
                "description": "VXLAN UDP/4789",
                "from_port": 4789,
                "ipv6_cidr_blocks": [],
                "prefix_list_ids": [],
                "protocol": "udp",
                "security_groups": [],
                "self": false,
                "to_port": 4789
              }
            ],
            "name": "sensor-analyzer-ecs-mirror20251101234559503500000002",
            "name_prefix": "sensor-analyzer-ecs-mirror",
            "owner_id": "339712899854",
            "revoke_rules_on_delete": false,
            "tags": {
              "Environment": "production",
              "Name": "sensor-analyzer-ecs-mirror-sg",
              "Project": "sensor-analyzer"
            },
            "tags_all": {
              "Account": "339712899854",
              "Environment": "production",
              "Name": "sensor-analyzer-ecs-mirror-sg",
              "Owner": "rodrigo",
              "Project": "sensor-analyzer",
              "Purpose": "Ransomware-Detection",
              "Type": "Analizador"
            },
            "timeouts": null,
            "vpc_id": "vpc-05127a3c05028f376"
          },
          "sensitive_attributes": [],
          "identity_schema_version": 0,
          "private": "eyJlMmJmYjczMC1lY2FhLTExZTYtOGY4OC0zNDM2M2JjN2M0YzAiOnsiY3JlYXRlIjo2MDAwMDAwMDAwMDAsImRlbGV0ZSI6OTAwMDAwMDAwMDAwfSwic2NoZW1hX3ZlcnNpb24iOiIxIn0=",
          "dependencies": [
            "aws_vpc.vpc_analizador"
          ],
          "create_before_destroy": true
        }
      ]
    },
    {
      "mode": "managed",
      "type": "aws_subnet",
      "name": "analizador_private_subnet",
      "provider": "provider[\"registry.terraform.io/hashicorp/aws\"]",
      "instances": [
        {
          "schema_version": 1,
          "attributes": {
            "arn": "arn:aws:ec2:us-east-1:339712899854:subnet/subnet-0b70f21819f55829c",
            "assign_ipv6_address_on_creation": false,
            "availability_zone": "us-east-1b",
            "availability_zone_id": "use1-az4",
            "cidr_block": "10.10.2.0/24",
            "customer_owned_ipv4_pool": "",
            "enable_dns64": false,
            "enable_lni_at_device_index": 0,
            "enable_resource_name_dns_a_record_on_launch": false,
            "enable_resource_name_dns_aaaa_record_on_launch": false,
            "id": "subnet-0b70f21819f55829c",
            "ipv6_cidr_block": "",
            "ipv6_cidr_block_association_id": "",
            "ipv6_native": false,
            "map_customer_owned_ip_on_launch": false,
            "map_public_ip_on_launch": false,
            "outpost_arn": "",
            "owner_id": "339712899854",
            "private_dns_hostname_type_on_launch": "ip-name",
            "tags": {
              "Environment": "production",
              "Name": "sensor-analyzer-analizador-private",
              "Project": "sensor-analyzer"
            },
            "tags_all": {
              "Account": "339712899854",
              "Environment": "production",
              "Name": "sensor-analyzer-analizador-private",
              "Owner": "rodrigo",
              "Project": "sensor-analyzer",
              "Purpose": "Ransomware-Detection",
              "Type": "Analizador"
            },
            "timeouts": null,
            "vpc_id": "vpc-05127a3c05028f376"
          },
          "sensitive_attributes": [],
          "identity_schema_version": 0,
          "private": "eyJlMmJmYjczMC1lY2FhLTExZTYtOGY4OC0zNDM2M2JjN2M0YzAiOnsiY3JlYXRlIjo2MDAwMDAwMDAwMDAsImRlbGV0ZSI6MTIwMDAwMDAwMDAwMH0sInNjaGVtYV92ZXJzaW9uIjoiMSJ9",
          "dependencies": [
            "aws_vpc.vpc_analizador"
          ],
          "create_before_destroy": true
        }
      ]
    },
    {
      "mode": "managed",
      "type": "aws_subnet",
      "name": "analizador_public_subnet",
      "provider": "provider[\"registry.terraform.io/hashicorp/aws\"]",
      "instances": [
        {
          "schema_version": 1,
          "attributes": {
            "arn": "arn:aws:ec2:us-east-1:339712899854:subnet/subnet-0b2e5996bd9732947",
            "assign_ipv6_address_on_creation": false,
            "availability_zone": "us-east-1a",
            "availability_zone_id": "use1-az2",
            "cidr_block": "10.10.1.0/24",
            "customer_owned_ipv4_pool": "",
            "enable_dns64": false,
            "enable_lni_at_device_index": 0,
            "enable_resource_name_dns_a_record_on_launch": false,
            "enable_resource_name_dns_aaaa_record_on_launch": false,
            "id": "subnet-0b2e5996bd9732947",
            "ipv6_cidr_block": "",
            "ipv6_cidr_block_association_id": "",
            "ipv6_native": false,
            "map_customer_owned_ip_on_launch": false,
            "map_public_ip_on_launch": true,
            "outpost_arn": "",
            "owner_id": "339712899854",
            "private_dns_hostname_type_on_launch": "ip-name",
            "tags": {
              "Environment": "production",
              "Name": "sensor-analyzer-analizador-public",
              "Project": "sensor-analyzer"
            },
            "tags_all": {
              "Account": "339712899854",
              "Environment": "production",
              "Name": "sensor-analyzer-analizador-public",
              "Owner": "rodrigo",
              "Project": "sensor-analyzer",
              "Purpose": "Ransomware-Detection",
              "Type": "Analizador"
            },
            "timeouts": null,
            "vpc_id": "vpc-05127a3c05028f376"
          },
          "sensitive_attributes": [],
          "identity_schema_version": 0,
          "private": "eyJlMmJmYjczMC1lY2FhLTExZTYtOGY4OC0zNDM2M2JjN2M0YzAiOnsiY3JlYXRlIjo2MDAwMDAwMDAwMDAsImRlbGV0ZSI6MTIwMDAwMDAwMDAwMH0sInNjaGVtYV92ZXJzaW9uIjoiMSJ9",
          "dependencies": [
            "aws_vpc.vpc_analizador"
          ],
          "create_before_destroy": true
        }
      ]
    },
    {
      "mode": "managed",
      "type": "aws_vpc",
      "name": "vpc_analizador",
      "provider": "provider[\"registry.terraform.io/hashicorp/aws\"]",
      "instances": [
        {
          "schema_version": 1,
          "attributes": {
            "arn": "arn:aws:ec2:us-east-1:339712899854:vpc/vpc-05127a3c05028f376",
            "assign_generated_ipv6_cidr_block": false,
            "cidr_block": "10.10.0.0/16",
            "default_network_acl_id": "acl-010d1c1f6fd05e981",
            "default_route_table_id": "rtb-0b47b22cb150f8f01",
            "default_security_group_id": "sg-0392a5129c120c712",
            "dhcp_options_id": "dopt-094744fd3ca905cce",
            "enable_dns_hostnames": true,
            "enable_dns_support": true,
            "enable_network_address_usage_metrics": false,
            "id": "vpc-05127a3c05028f376",
            "instance_tenancy": "default",
            "ipv4_ipam_pool_id": null,
            "ipv4_netmask_length": null,
            "ipv6_association_id": "",
            "ipv6_cidr_block": "",
            "ipv6_cidr_block_network_border_group": "",
            "ipv6_ipam_pool_id": "",
            "ipv6_netmask_length": 0,
            "main_route_table_id": "rtb-0b47b22cb150f8f01",
            "owner_id": "339712899854",
            "tags": {
              "Environment": "production",
              "Name": "sensor-analyzer-analizador-vpc",
              "Project": "sensor-analyzer",
              "Purpose": "Ransomware-Detection",
              "Type": "Analizador"
            },
            "tags_all": {
              "Account": "339712899854",
              "Environment": "production",
              "Name": "sensor-analyzer-analizador-vpc",
              "Owner": "rodrigo",
              "Project": "sensor-analyzer",
              "Purpose": "Ransomware-Detection",
              "Type": "Analizador"
            }
          },
          "sensitive_attributes": [],
          "identity_schema_version": 0,
          "private": "eyJzY2hlbWFfdmVyc2lvbiI6IjEifQ==",
          "create_before_destroy": true
        }
      ]
    }
  ],
  "check_results": null
}
